
Microsoft Visual Studio Solution File, Format Version 12.00
# Visual Studio Version 17
VisualStudioVersion = 17.7.34202.233
MinimumVisualStudioVersion = 10.0.40219.1
Project("{FAE04EC0-301F-11D3-BF4B-00C04F79EFBC}") = "AppGuiaCursoEXP.Android", "AppGuiaCursoEXP.Android\AppGuiaCursoEXP.Android.csproj", "{6E984D92-5B51-461E-B577-86DE7A518489}"
EndProject
Project("{FAE04EC0-301F-11D3-BF4B-00C04F79EFBC}") = "AppGuiaCursoEXP", "AppGuiaCursoEXP\AppGuiaCursoEXP.csproj", "{74405113-8FF2-4FD7-919F-EA158B7BB9C1}"
EndProject
Global
	GlobalSection(SolutionConfigurationPlatforms) = preSolution
		Debug|Any CPU = Debug|Any CPU
		Release|Any CPU = Release|Any CPU
	EndGlobalSection
	GlobalSection(ProjectConfigurationPlatforms) = postSolution
		{6E984D92-5B51-461E-B577-86DE7A518489}.Debug|Any CPU.ActiveCfg = Debug|Any CPU
		{6E984D92-5B51-461E-B577-86DE7A518489}.Debug|Any CPU.Build.0 = Debug|Any CPU
		{6E984D92-5B51-461E-B577-86DE7A518489}.Debug|Any CPU.Deploy.0 = Debug|Any CPU
		{6E984D92-5B51-461E-B577-86DE7A518489}.Release|Any CPU.ActiveCfg = Release|Any CPU
		{6E984D92-5B51-461E-B577-86DE7A518489}.Release|Any CPU.Build.0 = Release|Any CPU
		{6E984D92-5B51-461E-B577-86DE7A518489}.Release|Any CPU.Deploy.0 = Release|Any CPU
		{74405113-8FF2-4FD7-919F-EA158B7BB9C1}.Debug|Any CPU.ActiveCfg = Debug|Any CPU
		{74405113-8FF2-4FD7-919F-EA158B7BB9C1}.Debug|Any CPU.Build.0 = Debug|Any CPU
		{74405113-8FF2-4FD7-919F-EA158B7BB9C1}.Debug|Any CPU.Deploy.0 = Debug|Any CPU
		{74405113-8FF2-4FD7-919F-EA158B7BB9C1}.Release|Any CPU.ActiveCfg = Release|Any CPU
		{74405113-8FF2-4FD7-919F-EA158B7BB9C1}.Release|Any CPU.Build.0 = Release|Any CPU
		{74405113-8FF2-4FD7-919F-EA158B7BB9C1}.Release|Any CPU.Deploy.0 = Release|Any CPU
	EndGlobalSection
	GlobalSection(SolutionProperties) = preSolution
		HideSolutionNode = FALSE
	EndGlobalSection
	GlobalSection(ExtensibilityGlobals) = postSolution
		SolutionGuid = {158469B7-BEC0-43C3-B3AE-2C096B60B42D}
	EndGlobalSection
EndGlobal
